// !$*UTF8*$!
{
	archiveVersion = 1;
	classes = {
	};
	objectVersion = 48;
	objects = {

/* Begin PBXBuildFile section */
		497ABDA41EF6DC3200A1FF82 /* AppDelegate.swift in Sources */ = {isa = PBXBuildFile; fileRef = 497ABDA31EF6DC3200A1FF82 /* AppDelegate.swift */; };
		497ABDA61EF6DC3200A1FF82 /* ViewController.swift in Sources */ = {isa = PBXBuildFile; fileRef = 497ABDA51EF6DC3200A1FF82 /* ViewController.swift */; };
		497ABDA91EF6DC3200A1FF82 /* Main.storyboard in Resources */ = {isa = PBXBuildFile; fileRef = 497ABDA71EF6DC3200A1FF82 /* Main.storyboard */; };
		497ABDAB1EF6DC3200A1FF82 /* Assets.xcassets in Resources */ = {isa = PBXBuildFile; fileRef = 497ABDAA1EF6DC3200A1FF82 /* Assets.xcassets */; };
		497ABDAE1EF6DC3200A1FF82 /* LaunchScreen.storyboard in Resources */ = {isa = PBXBuildFile; fileRef = 497ABDAC1EF6DC3200A1FF82 /* LaunchScreen.storyboard */; };
		497ABDB91EF6DC3200A1FF82 /* MicroReactiveTests.swift in Sources */ = {isa = PBXBuildFile; fileRef = 497ABDB81EF6DC3200A1FF82 /* MicroReactiveTests.swift */; };
/* End PBXBuildFile section */

/* Begin PBXContainerItemProxy section */
		497ABDB51EF6DC3200A1FF82 /* PBXContainerItemProxy */ = {
			isa = PBXContainerItemProxy;
			containerPortal = 497ABD981EF6DC3200A1FF82 /* Project object */;
			proxyType = 1;
			remoteGlobalIDString = 497ABD9F1EF6DC3200A1FF82;
			remoteInfo = MicroReactive;
		};
/* End PBXContainerItemProxy section */

/* Begin PBXFileReference section */
		497ABDA01EF6DC3200A1FF82 /* MicroReactive.app */ = {isa = PBXFileReference; explicitFileType = wrapper.application; includeInIndex = 0; path = MicroReactive.app; sourceTree = BUILT_PRODUCTS_DIR; };
		497ABDA31EF6DC3200A1FF82 /* AppDelegate.swift */ = {isa = PBXFileReference; lastKnownFileType = sourcecode.swift; path = AppDelegate.swift; sourceTree = "<group>"; };
		497ABDA51EF6DC3200A1FF82 /* ViewController.swift */ = {isa = PBXFileReference; lastKnownFileType = sourcecode.swift; path = ViewController.swift; sourceTree = "<group>"; };
		497ABDA81EF6DC3200A1FF82 /* Base */ = {isa = PBXFileReference; lastKnownFileType = file.storyboard; name = Base; path = Base.lproj/Main.storyboard; sourceTree = "<group>"; };
		497ABDAA1EF6DC3200A1FF82 /* Assets.xcassets */ = {isa = PBXFileReference; lastKnownFileType = folder.assetcatalog; path = Assets.xcassets; sourceTree = "<group>"; };
		497ABDAD1EF6DC3200A1FF82 /* Base */ = {isa = PBXFileReference; lastKnownFileType = file.storyboard; name = Base; path = Base.lproj/LaunchScreen.storyboard; sourceTree = "<group>"; };
		497ABDAF1EF6DC3200A1FF82 /* Info.plist */ = {isa = PBXFileReference; lastKnownFileType = text.plist.xml; path = Info.plist; sourceTree = "<group>"; };
		497ABDB41EF6DC3200A1FF82 /* MicroReactiveTests.xctest */ = {isa = PBXFileReference; explicitFileType = wrapper.cfbundle; includeInIndex = 0; path = MicroReactiveTests.xctest; sourceTree = BUILT_PRODUCTS_DIR; };
		497ABDB81EF6DC3200A1FF82 /* MicroReactiveTests.swift */ = {isa = PBXFileReference; lastKnownFileType = sourcecode.swift; path = MicroReactiveTests.swift; sourceTree = "<group>"; };
		497ABDBA1EF6DC3200A1FF82 /* Info.plist */ = {isa = PBXFileReference; lastKnownFileType = text.plist.xml; path = Info.plist; sourceTree = "<group>"; };
/* End PBXFileReference section */

/* Begin PBXFrameworksBuildPhase section */
		497ABD9D1EF6DC3200A1FF82 /* Frameworks */ = {
			isa = PBXFrameworksBuildPhase;
			buildActionMask = 2147483647;
			files = (
			);
			runOnlyForDeploymentPostprocessing = 0;
		};
		497ABDB11EF6DC3200A1FF82 /* Frameworks */ = {
			isa = PBXFrameworksBuildPhase;
			buildActionMask = 2147483647;
			files = (
			);
			runOnlyForDeploymentPostprocessing = 0;
		};
/* End PBXFrameworksBuildPhase section */

/* Begin PBXGroup section */
		497ABD971EF6DC3200A1FF82 = {
			isa = PBXGroup;
			children = (
				497ABDA21EF6DC3200A1FF82 /* MicroReactive */,
				497ABDB71EF6DC3200A1FF82 /* MicroReactiveTests */,
				497ABDA11EF6DC3200A1FF82 /* Products */,
			);
			sourceTree = "<group>";
		};
		497ABDA11EF6DC3200A1FF82 /* Products */ = {
			isa = PBXGroup;
			children = (
				497ABDA01EF6DC3200A1FF82 /* MicroReactive.app */,
				497ABDB41EF6DC3200A1FF82 /* MicroReactiveTests.xctest */,
			);
			name = Products;
			sourceTree = "<group>";
		};
		497ABDA21EF6DC3200A1FF82 /* MicroReactive */ = {
			isa = PBXGroup;
			children = (
				497ABDA31EF6DC3200A1FF82 /* AppDelegate.swift */,
				497ABDA51EF6DC3200A1FF82 /* ViewController.swift */,
				497ABDA71EF6DC3200A1FF82 /* Main.storyboard */,
				497ABDAA1EF6DC3200A1FF82 /* Assets.xcassets */,
				497ABDAC1EF6DC3200A1FF82 /* LaunchScreen.storyboard */,
				497ABDAF1EF6DC3200A1FF82 /* Info.plist */,
			);
			path = MicroReactive;
			sourceTree = "<group>";
		};
		497ABDB71EF6DC3200A1FF82 /* MicroReactiveTests */ = {
			isa = PBXGroup;
			children = (
				497ABDB81EF6DC3200A1FF82 /* MicroReactiveTests.swift */,
				497ABDBA1EF6DC3200A1FF82 /* Info.plist */,
			);
			path = MicroReactiveTests;
			sourceTree = "<group>";
		};
/* End PBXGroup section */

/* Begin PBXNativeTarget section */
		497ABD9F1EF6DC3200A1FF82 /* MicroReactive */ = {
			isa = PBXNativeTarget;
			buildConfigurationList = 497ABDBD1EF6DC3200A1FF82 /* Build configuration list for PBXNativeTarget "MicroReactive" */;
			buildPhases = (
				497ABD9C1EF6DC3200A1FF82 /* Sources */,
				497ABD9D1EF6DC3200A1FF82 /* Frameworks */,
				497ABD9E1EF6DC3200A1FF82 /* Resources */,
			);
			buildRules = (
			);
			dependencies = (
			);
			name = MicroReactive;
			productName = MicroReactive;
			productReference = 497ABDA01EF6DC3200A1FF82 /* MicroReactive.app */;
			productType = "com.apple.product-type.application";
		};
		497ABDB31EF6DC3200A1FF82 /* MicroReactiveTests */ = {
			isa = PBXNativeTarget;
			buildConfigurationList = 497ABDC01EF6DC3200A1FF82 /* Build configuration list for PBXNativeTarget "MicroReactiveTests" */;
			buildPhases = (
				497ABDB01EF6DC3200A1FF82 /* Sources */,
				497ABDB11EF6DC3200A1FF82 /* Frameworks */,
				497ABDB21EF6DC3200A1FF82 /* Resources */,
			);
			buildRules = (
			);
			dependencies = (
				497ABDB61EF6DC3200A1FF82 /* PBXTargetDependency */,
			);
			name = MicroReactiveTests;
			productName = MicroReactiveTests;
			productReference = 497ABDB41EF6DC3200A1FF82 /* MicroReactiveTests.xctest */;
			productType = "com.apple.product-type.bundle.unit-test";
		};
/* End PBXNativeTarget section */

/* Begin PBXProject section */
		497ABD981EF6DC3200A1FF82 /* Project object */ = {
			isa = PBXProject;
			attributes = {
				LastSwiftUpdateCheck = 0900;
				LastUpgradeCheck = 0900;
				ORGANIZATIONNAME = dalu93;
				TargetAttributes = {
					497ABD9F1EF6DC3200A1FF82 = {
						CreatedOnToolsVersion = 9.0;
					};
					497ABDB31EF6DC3200A1FF82 = {
						CreatedOnToolsVersion = 9.0;
						TestTargetID = 497ABD9F1EF6DC3200A1FF82;
					};
				};
			};
			buildConfigurationList = 497ABD9B1EF6DC3200A1FF82 /* Build configuration list for PBXProject "MicroReactive" */;
			compatibilityVersion = "Xcode 8.0";
			developmentRegion = en;
			hasScannedForEncodings = 0;
			knownRegions = (
				en,
				Base,
			);
			mainGroup = 497ABD971EF6DC3200A1FF82;
			productRefGroup = 497ABDA11EF6DC3200A1FF82 /* Products */;
			projectDirPath = "";
			projectRoot = "";
			targets = (
				497ABD9F1EF6DC3200A1FF82 /* MicroReactive */,
				497ABDB31EF6DC3200A1FF82 /* MicroReactiveTests */,
			);
		};
/* End PBXProject section */

/* Begin PBXResourcesBuildPhase section */
		497ABD9E1EF6DC3200A1FF82 /* Resources */ = {
			isa = PBXResourcesBuildPhase;
			buildActionMask = 2147483647;
			files = (
				497ABDAE1EF6DC3200A1FF82 /* LaunchScreen.storyboard in Resources */,
				497ABDAB1EF6DC3200A1FF82 /* Assets.xcassets in Resources */,
				497ABDA91EF6DC3200A1FF82 /* Main.storyboard in Resources */,
			);
			runOnlyForDeploymentPostprocessing = 0;
		};
		497ABDB21EF6DC3200A1FF82 /* Resources */ = {
			isa = PBXResourcesBuildPhase;
			buildActionMask = 2147483647;
			files = (
			);
			runOnlyForDeploymentPostprocessing = 0;
		};
/* End PBXResourcesBuildPhase section */

/* Begin PBXSourcesBuildPhase section */
		497ABD9C1EF6DC3200A1FF82 /* Sources */ = {
			isa = PBXSourcesBuildPhase;
			buildActionMask = 2147483647;
			files = (
				497ABDA61EF6DC3200A1FF82 /* ViewController.swift in Sources */,
				497ABDA41EF6DC3200A1FF82 /* AppDelegate.swift in Sources */,
			);
			runOnlyForDeploymentPostprocessing = 0;
		};
		497ABDB01EF6DC3200A1FF82 /* Sources */ = {
			isa = PBXSourcesBuildPhase;
			buildActionMask = 2147483647;
			files = (
				497ABDB91EF6DC3200A1FF82 /* MicroReactiveTests.swift in Sources */,
			);
			runOnlyForDeploymentPostprocessing = 0;
		};
/* End PBXSourcesBuildPhase section */

/* Begin PBXTargetDependency section */
		497ABDB61EF6DC3200A1FF82 /* PBXTargetDependency */ = {
			isa = PBXTargetDependency;
			target = 497ABD9F1EF6DC3200A1FF82 /* MicroReactive */;
			targetProxy = 497ABDB51EF6DC3200A1FF82 /* PBXContainerItemProxy */;
		};
/* End PBXTargetDependency section */

/* Begin PBXVariantGroup section */
		497ABDA71EF6DC3200A1FF82 /* Main.storyboard */ = {
			isa = PBXVariantGroup;
			children = (
				497ABDA81EF6DC3200A1FF82 /* Base */,
			);
			name = Main.storyboard;
			sourceTree = "<group>";
		};
		497ABDAC1EF6DC3200A1FF82 /* LaunchScreen.storyboard */ = {
			isa = PBXVariantGroup;
			children = (
				497ABDAD1EF6DC3200A1FF82 /* Base */,
			);
			name = LaunchScreen.storyboard;
			sourceTree = "<group>";
		};
/* End PBXVariantGroup section */

/* Begin XCBuildConfiguration section */
		497ABDBB1EF6DC3200A1FF82 /* Debug */ = {
			isa = XCBuildConfiguration;
			buildSettings = {
				ALWAYS_SEARCH_USER_PATHS = NO;
				CLANG_ANALYZER_NONNULL = YES;
				CLANG_ANALYZER_NUMBER_OBJECT_CONVERSION = YES_AGGRESSIVE;
				CLANG_CXX_LANGUAGE_STANDARD = "gnu++14";
				CLANG_CXX_LIBRARY = "libc++";
				CLANG_ENABLE_MODULES = YES;
				CLANG_ENABLE_OBJC_ARC = YES;
				CLANG_WARN_BLOCK_CAPTURE_AUTORELEASING = YES;
				CLANG_WARN_BOOL_CONVERSION = YES;
				CLANG_WARN_COMMA = YES;
				CLANG_WARN_CONSTANT_CONVERSION = YES;
				CLANG_WARN_DIRECT_OBJC_ISA_USAGE = YES_ERROR;
				CLANG_WARN_DOCUMENTATION_COMMENTS = YES;
				CLANG_WARN_EMPTY_BODY = YES;
				CLANG_WARN_ENUM_CONVERSION = YES;
				CLANG_WARN_INFINITE_RECURSION = YES;
				CLANG_WARN_INT_CONVERSION = YES;
				CLANG_WARN_OBJC_ROOT_CLASS = YES_ERROR;
				CLANG_WARN_RANGE_LOOP_ANALYSIS = YES;
				CLANG_WARN_STRICT_PROTOTYPES = YES;
				CLANG_WARN_SUSPICIOUS_MOVE = YES;
				CLANG_WARN_UNGUARDED_AVAILABILITY = YES_AGGRESSIVE;
				CLANG_WARN_UNREACHABLE_CODE = YES;
				CLANG_WARN__DUPLICATE_METHOD_MATCH = YES;
				CODE_SIGN_IDENTITY = "iPhone Developer";
				COPY_PHASE_STRIP = NO;
				DEBUG_INFORMATION_FORMAT = dwarf;
				ENABLE_STRICT_OBJC_MSGSEND = YES;
				ENABLE_TESTABILITY = YES;
				GCC_C_LANGUAGE_STANDARD = gnu11;
				GCC_DYNAMIC_NO_PIC = NO;
				GCC_NO_COMMON_BLOCKS = YES;
				GCC_OPTIMIZATION_LEVEL = 0;
				GCC_PREPROCESSOR_DEFINITIONS = (
					"DEBUG=1",
					"$(inherited)",
				);
				GCC_WARN_64_TO_32_BIT_CONVERSION = YES;
				GCC_WARN_ABOUT_RETURN_TYPE = YES_ERROR;
				GCC_WARN_UNDECLARED_SELECTOR = YES;
				GCC_WARN_UNINITIALIZED_AUTOS = YES_AGGRESSIVE;
				GCC_WARN_UNUSED_FUNCTION = YES;
				GCC_WARN_UNUSED_VARIABLE = YES;
				IPHONEOS_DEPLOYMENT_TARGET = 11.0;
				MTL_ENABLE_DEBUG_INFO = YES;
				ONLY_ACTIVE_ARCH = YES;
				SDKROOT = iphoneos;
				SWIFT_ACTIVE_COMPILATION_CONDITIONS = DEBUG;
				SWIFT_OPTIMIZATION_LEVEL = "-Onone";
			};
			name = Debug;
		};
		497ABDBC1EF6DC3200A1FF82 /* Release */ = {
			isa = XCBuildConfiguration;
			buildSettings = {
				ALWAYS_SEARCH_USER_PATHS = NO;
				CLANG_ANALYZER_NONNULL = YES;
				CLANG_ANALYZER_NUMBER_OBJECT_CONVERSION = YES_AGGRESSIVE;
				CLANG_CXX_LANGUAGE_STANDARD = "gnu++14";
				CLANG_CXX_LIBRARY = "libc++";
				CLANG_ENABLE_MODULES = YES;
				CLANG_ENABLE_OBJC_ARC = YES;
				CLANG_WARN_BLOCK_CAPTURE_AUTORELEASING = YES;
				CLANG_WARN_BOOL_CONVERSION = YES;
				CLANG_WARN_COMMA = YES;
				CLANG_WARN_CONSTANT_CONVERSION = YES;
				CLANG_WARN_DIRECT_OBJC_ISA_USAGE = YES_ERROR;
				CLANG_WARN_DOCUMENTATION_COMMENTS = YES;
				CLANG_WARN_EMPTY_BODY = YES;
				CLANG_WARN_ENUM_CONVERSION = YES;
				CLANG_WARN_INFINITE_RECURSION = YES;
				CLANG_WARN_INT_CONVERSION = YES;
				CLANG_WARN_OBJC_ROOT_CLASS = YES_ERROR;
				CLANG_WARN_RANGE_LOOP_ANALYSIS = YES;
				CLANG_WARN_STRICT_PROTOTYPES = YES;
				CLANG_WARN_SUSPICIOUS_MOVE = YES;
				CLANG_WARN_UNGUARDED_AVAILABILITY = YES_AGGRESSIVE;
				CLANG_WARN_UNREACHABLE_CODE = YES;
				CLANG_WARN__DUPLICATE_METHOD_MATCH = YES;
				CODE_SIGN_IDENTITY = "iPhone Developer";
				COPY_PHASE_STRIP = NO;
				DEBUG_INFORMATION_FORMAT = "dwarf-with-dsym";
				ENABLE_NS_ASSERTIONS = NO;
				ENABLE_STRICT_OBJC_MSGSEND = YES;
				GCC_C_LANGUAGE_STANDARD = gnu11;
				GCC_NO_COMMON_BLOCKS = YES;
				GCC_WARN_64_TO_32_BIT_CONVERSION = YES;
				GCC_WARN_ABOUT_RETURN_TYPE = YES_ERROR;
				GCC_WARN_UNDECLARED_SELECTOR = YES;
				GCC_WARN_UNINITIALIZED_AUTOS = YES_AGGRESSIVE;
				GCC_WARN_UNUSED_FUNCTION = YES;
				GCC_WARN_UNUSED_VARIABLE = YES;
				IPHONEOS_DEPLOYMENT_TARGET = 11.0;
				MTL_ENABLE_DEBUG_INFO = NO;
				SDKROOT = iphoneos;
				SWIFT_OPTIMIZATION_LEVEL = "-Owholemodule";
				VALIDATE_PRODUCT = YES;
			};
			name = Release;
		};
		497ABDBE1EF6DC3200A1FF82 /* Debug */ = {
			isa = XCBuildConfiguration;
			buildSettings = {
				ASSETCATALOG_COMPILER_APPICON_NAME = AppIcon;
				INFOPLIST_FILE = MicroReactive/Info.plist;
				LD_RUNPATH_SEARCH_PATHS = "$(inherited) @executable_path/Frameworks";
				PRODUCT_BUNDLE_IDENTIFIER = dalu93.MicroReactive;
				PRODUCT_NAME = "$(TARGET_NAME)";
				SWIFT_VERSION = 4.0;
				TARGETED_DEVICE_FAMILY = "1,2";
			};
			name = Debug;
		};
		497ABDBF1EF6DC3200A1FF82 /* Release */ = {
			isa = XCBuildConfiguration;
			buildSettings = {
				ASSETCATALOG_COMPILER_APPICON_NAME = AppIcon;
				INFOPLIST_FILE = MicroReactive/Info.plist;
				LD_RUNPATH_SEARCH_PATHS = "$(inherited) @executable_path/Frameworks";
				PRODUCT_BUNDLE_IDENTIFIER = dalu93.MicroReactive;
				PRODUCT_NAME = "$(TARGET_NAME)";
				SWIFT_VERSION = 4.0;
				TARGETED_DEVICE_FAMILY = "1,2";
			};
			name = Release;
		};
		497ABDC11EF6DC3200A1FF82 /* Debug */ = {
			isa = XCBuildConfiguration;
			buildSettings = {
				ALWAYS_EMBED_SWIFT_STANDARD_LIBRARIES = YES;
				BUNDLE_LOADER = "$(TEST_HOST)";
				INFOPLIST_FILE = MicroReactiveTests/Info.plist;
				LD_RUNPATH_SEARCH_PATHS = "$(inherited) @executable_path/Frameworks @loader_path/Frameworks";
				PRODUCT_BUNDLE_IDENTIFIER = dalu93.MicroReactiveTests;
				PRODUCT_NAME = "$(TARGET_NAME)";
				SWIFT_VERSION = 4.0;
				TARGETED_DEVICE_FAMILY = "1,2";
				TEST_HOST = "$(BUILT_PRODUCTS_DIR)/MicroReactive.app/MicroReactive";
			};
			name = Debug;
		};
		497ABDC21EF6DC3200A1FF82 /* Release */ = {
			isa = XCBuildConfiguration;
			buildSettings = {
				ALWAYS_EMBED_SWIFT_STANDARD_LIBRARIES = YES;
				BUNDLE_LOADER = "$(TEST_HOST)";
				INFOPLIST_FILE = MicroReactiveTests/Info.plist;
				LD_RUNPATH_SEARCH_PATHS = "$(inherited) @executable_path/Frameworks @loader_path/Frameworks";
				PRODUCT_BUNDLE_IDENTIFIER = dalu93.MicroReactiveTests;
				PRODUCT_NAME = "$(TARGET_NAME)";
				SWIFT_VERSION = 4.0;
				TARGETED_DEVICE_FAMILY = "1,2";
				TEST_HOST = "$(BUILT_PRODUCTS_DIR)/MicroReactive.app/MicroReactive";
			};
			name = Release;
		};
/* End XCBuildConfiguration section */

/* Begin XCConfigurationList section */
		497ABD9B1EF6DC3200A1FF82 /* Build configuration list for PBXProject "MicroReactive" */ = {
			isa = XCConfigurationList;
			buildConfigurations = (
				497ABDBB1EF6DC3200A1FF82 /* Debug */,
				497ABDBC1EF6DC3200A1FF82 /* Release */,
			);
			defaultConfigurationIsVisible = 0;
			defaultConfigurationName = Release;
		};
		497ABDBD1EF6DC3200A1FF82 /* Build configuration list for PBXNativeTarget "MicroReactive" */ = {
			isa = XCConfigurationList;
			buildConfigurations = (
				497ABDBE1EF6DC3200A1FF82 /* Debug */,
				497ABDBF1EF6DC3200A1FF82 /* Release */,
			);
			defaultConfigurationIsVisible = 0;
		};
		497ABDC01EF6DC3200A1FF82 /* Build configuration list for PBXNativeTarget "MicroReactiveTests" */ = {
			isa = XCConfigurationList;
			buildConfigurations = (
				497ABDC11EF6DC3200A1FF82 /* Debug */,
				497ABDC21EF6DC3200A1FF82 /* Release */,
			);
			defaultConfigurationIsVisible = 0;
		};
/* End XCConfigurationList section */
	};
	rootObject = 497ABD981EF6DC3200A1FF82 /* Project object */;
}
